
Microsoft Visual Studio Solution File, Format Version 12.00
# Visual Studio Version 16
VisualStudioVersion = 16.0.30225.117
MinimumVisualStudioVersion = 10.0.40219.1
Project("{FAE04EC0-301F-11D3-BF4B-00C04F79EFBC}") = "bilibili", "bilibili\bilibili.csproj", "{8A087FB2-AF6E-45A8-BC8D-75C36410D33A}"
EndProject
Global
	GlobalSection(SolutionConfigurationPlatforms) = preSolution
		Debug|Any CPU = Debug|Any CPU
		Release|Any CPU = Release|Any CPU
	EndGlobalSection
	GlobalSection(ProjectConfigurationPlatforms) = postSolution
		{8A087FB2-AF6E-45A8-BC8D-75C36410D33A}.Debug|Any CPU.ActiveCfg = Debug|Any CPU
		{8A087FB2-AF6E-45A8-BC8D-75C36410D33A}.Debug|Any CPU.Build.0 = Debug|Any CPU
		{8A087FB2-AF6E-45A8-BC8D-75C36410D33A}.Release|Any CPU.ActiveCfg = Release|Any CPU
		{8A087FB2-AF6E-45A8-BC8D-75C36410D33A}.Release|Any CPU.Build.0 = Release|Any CPU
	EndGlobalSection
	GlobalSection(SolutionProperties) = preSolution
		HideSolutionNode = FALSE
	EndGlobalSection
	GlobalSection(ExtensibilityGlobals) = postSolution
		SolutionGuid = {E70D1215-7388-4C8E-AA09-16CF9993B518}
	EndGlobalSection
EndGlobal
